
Microsoft Visual Studio Solution File, Format Version 12.00
# Visual Studio 15
VisualStudioVersion = 15.0.26730.15
MinimumVisualStudioVersion = 10.0.40219.1
Project("{FAE04EC0-301F-11D3-BF4B-00C04F79EFBC}") = "HelloWorld", "HelloWorld\HelloWorld.csproj", "{39E4AD5F-56F5-4601-B87D-F92B42ED9117}"
EndProject
Project("{FAE04EC0-301F-11D3-BF4B-00C04F79EFBC}") = "ConsoleApp1", "ConsoleApp1\ConsoleApp1.csproj", "{235B7B56-22F2-4FBD-85B4-61445EA65078}"
EndProject
Project("{FAE04EC0-301F-11D3-BF4B-00C04F79EFBC}") = "Calculator", "Calculator\Calculator.csproj", "{7B1DABD3-8BE0-47D1-B98E-D0789321D3A7}"
EndProject
Project("{FAE04EC0-301F-11D3-BF4B-00C04F79EFBC}") = "Smarter Calculator", "Smarter Calculator\Smarter Calculator.csproj", "{DF2EF599-91E8-442B-91B4-88A72220868C}"
EndProject
Project("{FAE04EC0-301F-11D3-BF4B-00C04F79EFBC}") = "BuyList", "BuyList\BuyList.csproj", "{F267E7C4-E902-4F19-A862-2002A3FA16B0}"
EndProject
Project("{FAE04EC0-301F-11D3-BF4B-00C04F79EFBC}") = "test1", "test1\test1.csproj", "{CC65F7C1-6EA1-4A64-AF16-9C5E7FBDFF0C}"
EndProject
Project("{FAE04EC0-301F-11D3-BF4B-00C04F79EFBC}") = "BuyList2", "BuyList2\BuyList2.csproj", "{5F64FF94-9438-493B-BE69-F5394E2AD9C6}"
EndProject
Project("{FAE04EC0-301F-11D3-BF4B-00C04F79EFBC}") = "FizzBuzz", "FizzBuzz\FizzBuzz.csproj", "{93940AB6-A46F-4733-9CCC-000281087E58}"
EndProject
Project("{FAE04EC0-301F-11D3-BF4B-00C04F79EFBC}") = "atrodidraugu", "atrodidraugu\atrodidraugu.csproj", "{FE21B2DB-654A-475F-81E9-9D9D475F3553}"
EndProject
Global
	GlobalSection(SolutionConfigurationPlatforms) = preSolution
		Debug|Any CPU = Debug|Any CPU
		Release|Any CPU = Release|Any CPU
	EndGlobalSection
	GlobalSection(ProjectConfigurationPlatforms) = postSolution
		{39E4AD5F-56F5-4601-B87D-F92B42ED9117}.Debug|Any CPU.ActiveCfg = Debug|Any CPU
		{39E4AD5F-56F5-4601-B87D-F92B42ED9117}.Debug|Any CPU.Build.0 = Debug|Any CPU
		{39E4AD5F-56F5-4601-B87D-F92B42ED9117}.Release|Any CPU.ActiveCfg = Release|Any CPU
		{39E4AD5F-56F5-4601-B87D-F92B42ED9117}.Release|Any CPU.Build.0 = Release|Any CPU
		{235B7B56-22F2-4FBD-85B4-61445EA65078}.Debug|Any CPU.ActiveCfg = Debug|Any CPU
		{235B7B56-22F2-4FBD-85B4-61445EA65078}.Debug|Any CPU.Build.0 = Debug|Any CPU
		{235B7B56-22F2-4FBD-85B4-61445EA65078}.Release|Any CPU.ActiveCfg = Release|Any CPU
		{235B7B56-22F2-4FBD-85B4-61445EA65078}.Release|Any CPU.Build.0 = Release|Any CPU
		{7B1DABD3-8BE0-47D1-B98E-D0789321D3A7}.Debug|Any CPU.ActiveCfg = Debug|Any CPU
		{7B1DABD3-8BE0-47D1-B98E-D0789321D3A7}.Debug|Any CPU.Build.0 = Debug|Any CPU
		{7B1DABD3-8BE0-47D1-B98E-D0789321D3A7}.Release|Any CPU.ActiveCfg = Release|Any CPU
		{7B1DABD3-8BE0-47D1-B98E-D0789321D3A7}.Release|Any CPU.Build.0 = Release|Any CPU
		{DF2EF599-91E8-442B-91B4-88A72220868C}.Debug|Any CPU.ActiveCfg = Debug|Any CPU
		{DF2EF599-91E8-442B-91B4-88A72220868C}.Debug|Any CPU.Build.0 = Debug|Any CPU
		{DF2EF599-91E8-442B-91B4-88A72220868C}.Release|Any CPU.ActiveCfg = Release|Any CPU
		{DF2EF599-91E8-442B-91B4-88A72220868C}.Release|Any CPU.Build.0 = Release|Any CPU
		{F267E7C4-E902-4F19-A862-2002A3FA16B0}.Debug|Any CPU.ActiveCfg = Debug|Any CPU
		{F267E7C4-E902-4F19-A862-2002A3FA16B0}.Debug|Any CPU.Build.0 = Debug|Any CPU
		{F267E7C4-E902-4F19-A862-2002A3FA16B0}.Release|Any CPU.ActiveCfg = Release|Any CPU
		{F267E7C4-E902-4F19-A862-2002A3FA16B0}.Release|Any CPU.Build.0 = Release|Any CPU
		{CC65F7C1-6EA1-4A64-AF16-9C5E7FBDFF0C}.Debug|Any CPU.ActiveCfg = Debug|Any CPU
		{CC65F7C1-6EA1-4A64-AF16-9C5E7FBDFF0C}.Debug|Any CPU.Build.0 = Debug|Any CPU
		{CC65F7C1-6EA1-4A64-AF16-9C5E7FBDFF0C}.Release|Any CPU.ActiveCfg = Release|Any CPU
		{CC65F7C1-6EA1-4A64-AF16-9C5E7FBDFF0C}.Release|Any CPU.Build.0 = Release|Any CPU
		{5F64FF94-9438-493B-BE69-F5394E2AD9C6}.Debug|Any CPU.ActiveCfg = Debug|Any CPU
		{5F64FF94-9438-493B-BE69-F5394E2AD9C6}.Debug|Any CPU.Build.0 = Debug|Any CPU
		{5F64FF94-9438-493B-BE69-F5394E2AD9C6}.Release|Any CPU.ActiveCfg = Release|Any CPU
		{5F64FF94-9438-493B-BE69-F5394E2AD9C6}.Release|Any CPU.Build.0 = Release|Any CPU
		{93940AB6-A46F-4733-9CCC-000281087E58}.Debug|Any CPU.ActiveCfg = Debug|Any CPU
		{93940AB6-A46F-4733-9CCC-000281087E58}.Debug|Any CPU.Build.0 = Debug|Any CPU
		{93940AB6-A46F-4733-9CCC-000281087E58}.Release|Any CPU.ActiveCfg = Release|Any CPU
		{93940AB6-A46F-4733-9CCC-000281087E58}.Release|Any CPU.Build.0 = Release|Any CPU
		{FE21B2DB-654A-475F-81E9-9D9D475F3553}.Debug|Any CPU.ActiveCfg = Debug|Any CPU
		{FE21B2DB-654A-475F-81E9-9D9D475F3553}.Debug|Any CPU.Build.0 = Debug|Any CPU
		{FE21B2DB-654A-475F-81E9-9D9D475F3553}.Release|Any CPU.ActiveCfg = Release|Any CPU
		{FE21B2DB-654A-475F-81E9-9D9D475F3553}.Release|Any CPU.Build.0 = Release|Any CPU
	EndGlobalSection
	GlobalSection(SolutionProperties) = preSolution
		HideSolutionNode = FALSE
	EndGlobalSection
	GlobalSection(ExtensibilityGlobals) = postSolution
		SolutionGuid = {EF24B9DD-BA94-4224-9409-5852F689FE1C}
	EndGlobalSection
EndGlobal
